
Microsoft Visual Studio Solution File, Format Version 12.00
# Visual Studio Version 17
VisualStudioVersion = 17.14.35906.104 d17.14
MinimumVisualStudioVersion = 10.0.40219.1
Project("{FAE04EC0-301F-11D3-BF4B-00C04F79EFBC}") = "BC_Console", "BC_Console\BC_Console.csproj", "{3DE58098-870A-4018-B003-2DD0CC952808}"
EndProject
Project("{FAE04EC0-301F-11D3-BF4B-00C04F79EFBC}") = "BC_Library", "BC_Library\BC_Library.csproj", "{3D8B954E-616E-46F7-B2B8-1F25AC4AD0FA}"
EndProject
Global
	GlobalSection(SolutionConfigurationPlatforms) = preSolution
		Debug|Any CPU = Debug|Any CPU
		Release|Any CPU = Release|Any CPU
	EndGlobalSection
	GlobalSection(ProjectConfigurationPlatforms) = postSolution
		{3DE58098-870A-4018-B003-2DD0CC952808}.Debug|Any CPU.ActiveCfg = Debug|Any CPU
		{3DE58098-870A-4018-B003-2DD0CC952808}.Debug|Any CPU.Build.0 = Debug|Any CPU
		{3DE58098-870A-4018-B003-2DD0CC952808}.Release|Any CPU.ActiveCfg = Release|Any CPU
		{3DE58098-870A-4018-B003-2DD0CC952808}.Release|Any CPU.Build.0 = Release|Any CPU
		{3D8B954E-616E-46F7-B2B8-1F25AC4AD0FA}.Debug|Any CPU.ActiveCfg = Debug|Any CPU
		{3D8B954E-616E-46F7-B2B8-1F25AC4AD0FA}.Debug|Any CPU.Build.0 = Debug|Any CPU
		{3D8B954E-616E-46F7-B2B8-1F25AC4AD0FA}.Release|Any CPU.ActiveCfg = Release|Any CPU
		{3D8B954E-616E-46F7-B2B8-1F25AC4AD0FA}.Release|Any CPU.Build.0 = Release|Any CPU
	EndGlobalSection
	GlobalSection(SolutionProperties) = preSolution
		HideSolutionNode = FALSE
	EndGlobalSection
	GlobalSection(ExtensibilityGlobals) = postSolution
		SolutionGuid = {7B86B865-0B5F-4649-B996-432960454D98}
	EndGlobalSection
EndGlobal
